
Microsoft Visual Studio Solution File, Format Version 12.00
# Visual Studio Version 17
VisualStudioVersion = 17.8.34525.116
MinimumVisualStudioVersion = 10.0.40219.1
Project("{FAE04EC0-301F-11D3-BF4B-00C04F79EFBC}") = "Formula Reaction Time V3", "Formula Reaction Time V3\Formula Reaction Time V3.csproj", "{4ED0BEA8-18B1-41F0-BC9A-23C71CB01487}"
EndProject
Global
	GlobalSection(SolutionConfigurationPlatforms) = preSolution
		Debug|Any CPU = Debug|Any CPU
		Release|Any CPU = Release|Any CPU
	EndGlobalSection
	GlobalSection(ProjectConfigurationPlatforms) = postSolution
		{4ED0BEA8-18B1-41F0-BC9A-23C71CB01487}.Debug|Any CPU.ActiveCfg = Debug|Any CPU
		{4ED0BEA8-18B1-41F0-BC9A-23C71CB01487}.Debug|Any CPU.Build.0 = Debug|Any CPU
		{4ED0BEA8-18B1-41F0-BC9A-23C71CB01487}.Release|Any CPU.ActiveCfg = Release|Any CPU
		{4ED0BEA8-18B1-41F0-BC9A-23C71CB01487}.Release|Any CPU.Build.0 = Release|Any CPU
	EndGlobalSection
	GlobalSection(SolutionProperties) = preSolution
		HideSolutionNode = FALSE
	EndGlobalSection
	GlobalSection(ExtensibilityGlobals) = postSolution
		SolutionGuid = {6ACA0CDF-7F87-433B-A05D-1465130AEC09}
	EndGlobalSection
EndGlobal
